
Microsoft Visual Studio Solution File, Format Version 12.00
# Visual Studio Version 17
VisualStudioVersion = 17.9.34728.123
MinimumVisualStudioVersion = 10.0.40219.1
Project("{2150E333-8FDC-42A3-9474-1A3956D46DE8}") = "src", "src", "{F5DD78F6-FB95-415E-B914-F913B2B75EB9}"
EndProject
Project("{9A19103F-16F7-4668-BE54-9A1E7A4F7556}") = "FrameUp.ClientForm.Api", "src\FrameUp.ClientForm.Api\FrameUp.ClientForm.Api.csproj", "{F5296FD7-5D5E-43DA-BB02-35BE89168DCE}"
EndProject
Project("{9A19103F-16F7-4668-BE54-9A1E7A4F7556}") = "FrameUp.ClientForm.Application", "src\FrameUp.ClientForm.Application\FrameUp.ClientForm.Application.csproj", "{17167651-6A42-4F1D-B141-B2E463F000B0}"
EndProject
Project("{9A19103F-16F7-4668-BE54-9A1E7A4F7556}") = "FrameUp.ClientForm.Domain", "src\FrameUp.ClientForm.Domain\FrameUp.ClientForm.Domain.csproj", "{A9FBC12C-6112-4A90-8870-59D005FADAF2}"
EndProject
Project("{9A19103F-16F7-4668-BE54-9A1E7A4F7556}") = "FrameUp.ClientForm.Infra", "src\FrameUp.ClientForm.Infra\FrameUp.ClientForm.Infra.csproj", "{B7ADC783-8066-45D2-ACD1-06153F24FA4F}"
EndProject
Project("{2150E333-8FDC-42A3-9474-1A3956D46DE8}") = "test", "test", "{AB1E3A4D-3BCB-45C5-A78B-91955CF48665}"
EndProject
Project("{FAE04EC0-301F-11D3-BF4B-00C04F79EFBC}") = "FrameUp.ClientForm.Test", "test\FrameUp.ClientForm.Test\FrameUp.ClientForm.Test.csproj", "{2EAA9508-1505-4082-A130-1801B8C18863}"
EndProject
Global
	GlobalSection(SolutionConfigurationPlatforms) = preSolution
		Debug|Any CPU = Debug|Any CPU
		Release|Any CPU = Release|Any CPU
	EndGlobalSection
	GlobalSection(ProjectConfigurationPlatforms) = postSolution
		{F5296FD7-5D5E-43DA-BB02-35BE89168DCE}.Debug|Any CPU.ActiveCfg = Debug|Any CPU
		{F5296FD7-5D5E-43DA-BB02-35BE89168DCE}.Debug|Any CPU.Build.0 = Debug|Any CPU
		{F5296FD7-5D5E-43DA-BB02-35BE89168DCE}.Release|Any CPU.ActiveCfg = Release|Any CPU
		{F5296FD7-5D5E-43DA-BB02-35BE89168DCE}.Release|Any CPU.Build.0 = Release|Any CPU
		{17167651-6A42-4F1D-B141-B2E463F000B0}.Debug|Any CPU.ActiveCfg = Debug|Any CPU
		{17167651-6A42-4F1D-B141-B2E463F000B0}.Debug|Any CPU.Build.0 = Debug|Any CPU
		{17167651-6A42-4F1D-B141-B2E463F000B0}.Release|Any CPU.ActiveCfg = Release|Any CPU
		{17167651-6A42-4F1D-B141-B2E463F000B0}.Release|Any CPU.Build.0 = Release|Any CPU
		{A9FBC12C-6112-4A90-8870-59D005FADAF2}.Debug|Any CPU.ActiveCfg = Debug|Any CPU
		{A9FBC12C-6112-4A90-8870-59D005FADAF2}.Debug|Any CPU.Build.0 = Debug|Any CPU
		{A9FBC12C-6112-4A90-8870-59D005FADAF2}.Release|Any CPU.ActiveCfg = Release|Any CPU
		{A9FBC12C-6112-4A90-8870-59D005FADAF2}.Release|Any CPU.Build.0 = Release|Any CPU
		{B7ADC783-8066-45D2-ACD1-06153F24FA4F}.Debug|Any CPU.ActiveCfg = Debug|Any CPU
		{B7ADC783-8066-45D2-ACD1-06153F24FA4F}.Debug|Any CPU.Build.0 = Debug|Any CPU
		{B7ADC783-8066-45D2-ACD1-06153F24FA4F}.Release|Any CPU.ActiveCfg = Release|Any CPU
		{B7ADC783-8066-45D2-ACD1-06153F24FA4F}.Release|Any CPU.Build.0 = Release|Any CPU
		{2EAA9508-1505-4082-A130-1801B8C18863}.Debug|Any CPU.ActiveCfg = Debug|Any CPU
		{2EAA9508-1505-4082-A130-1801B8C18863}.Debug|Any CPU.Build.0 = Debug|Any CPU
		{2EAA9508-1505-4082-A130-1801B8C18863}.Release|Any CPU.ActiveCfg = Release|Any CPU
		{2EAA9508-1505-4082-A130-1801B8C18863}.Release|Any CPU.Build.0 = Release|Any CPU
	EndGlobalSection
	GlobalSection(SolutionProperties) = preSolution
		HideSolutionNode = FALSE
	EndGlobalSection
	GlobalSection(NestedProjects) = preSolution
		{F5296FD7-5D5E-43DA-BB02-35BE89168DCE} = {F5DD78F6-FB95-415E-B914-F913B2B75EB9}
		{17167651-6A42-4F1D-B141-B2E463F000B0} = {F5DD78F6-FB95-415E-B914-F913B2B75EB9}
		{A9FBC12C-6112-4A90-8870-59D005FADAF2} = {F5DD78F6-FB95-415E-B914-F913B2B75EB9}
		{B7ADC783-8066-45D2-ACD1-06153F24FA4F} = {F5DD78F6-FB95-415E-B914-F913B2B75EB9}
		{2EAA9508-1505-4082-A130-1801B8C18863} = {AB1E3A4D-3BCB-45C5-A78B-91955CF48665}
	EndGlobalSection
	GlobalSection(ExtensibilityGlobals) = postSolution
		SolutionGuid = {53308ED4-E7BF-4C4F-B0B5-B61A8EC8971E}
	EndGlobalSection
EndGlobal
